<?xml version="1.0" encoding="UTF-8"?>
<!DOCTYPE plist PUBLIC "-//Apple//DTD PLIST 1.0//EN" "http://www.apple.com/DTDs/PropertyList-1.0.dtd">
<plist version="1.0">
<dict>
	<key>archiveVersion</key>
	<string>1</string>
	<key>classes</key>
	<dict/>
	<key>objectVersion</key>
	<string>46</string>
	<key>objects</key>
	<dict>
		<key>092ABB91BC2042E698901658</key>
		<dict>
			<key>buildActionMask</key>
			<string>2147483647</string>
			<key>files</key>
			<array/>
			<key>inputPaths</key>
			<array/>
			<key>isa</key>
			<string>PBXShellScriptBuildPhase</string>
			<key>name</key>
			<string>Check Pods Manifest.lock</string>
			<key>outputPaths</key>
			<array/>
			<key>runOnlyForDeploymentPostprocessing</key>
			<string>0</string>
			<key>shellPath</key>
			<string>/bin/sh</string>
			<key>shellScript</key>
			<string>diff "${PODS_ROOT}/../Podfile.lock" "${PODS_ROOT}/Manifest.lock" &gt; /dev/null
if [[ $? != 0 ]] ; then
    cat &lt;&lt; EOM
error: The sandbox is not in sync with the Podfile.lock. Run 'pod install' or update your CocoaPods installation.
EOM
    exit 1
fi
</string>
			<key>showEnvVarsInLog</key>
			<string>0</string>
		</dict>
		<key>4A55C1DFAAB6EB0F6877C61C</key>
		<dict>
			<key>includeInIndex</key>
			<string>1</string>
			<key>isa</key>
			<string>PBXFileReference</string>
			<key>lastKnownFileType</key>
			<string>text.xcconfig</string>
			<key>name</key>
			<string>Pods.debug.xcconfig</string>
			<key>path</key>
			<string>Pods/Target Support Files/Pods/Pods.debug.xcconfig</string>
			<key>sourceTree</key>
			<string>&lt;group&gt;</string>
		</dict>
		<key>4CA93468CFD34B76AE3D40EC</key>
		<dict>
			<key>explicitFileType</key>
			<string>archive.ar</string>
			<key>includeInIndex</key>
			<string>0</string>
			<key>isa</key>
			<string>PBXFileReference</string>
			<key>path</key>
			<string>libPods.a</string>
			<key>sourceTree</key>
			<string>BUILT_PRODUCTS_DIR</string>
		</dict>
		<key>6C285C390D93550E8C56E396</key>
		<dict>
			<key>includeInIndex</key>
			<string>1</string>
			<key>isa</key>
			<string>PBXFileReference</string>
			<key>lastKnownFileType</key>
			<string>text.xcconfig</string>
			<key>name</key>
			<string>Pods.release.xcconfig</string>
			<key>path</key>
			<string>Pods/Target Support Files/Pods/Pods.release.xcconfig</string>
			<key>sourceTree</key>
			<string>&lt;group&gt;</string>
		</dict>
		<key>7635E8BA014E9449D33C5DFB</key>
		<dict>
			<key>children</key>
			<array>
				<string>4A55C1DFAAB6EB0F6877C61C</string>
				<string>6C285C390D93550E8C56E396</string>
			</array>
			<key>isa</key>
			<string>PBXGroup</string>
			<key>name</key>
			<string>Pods</string>
			<key>sourceTree</key>
			<string>&lt;group&gt;</string>
		</dict>
		<key>861EB68217E163CA00288D5C</key>
		<dict>
			<key>children</key>
			<array>
				<string>861EB68317E163CA00288D5C</string>
				<string>861EB68417E163CA00288D5C</string>
				<string>861EB68517E163CA00288D5C</string>
				<string>861EB68617E163CA00288D5C</string>
				<string>861EB68717E163CA00288D5C</string>
				<string>861EB68817E163CA00288D5C</string>
				<string>861EB68917E163CA00288D5C</string>
				<string>861EB68A17E163CA00288D5C</string>
				<string>861EB68B17E163CA00288D5C</string>
				<string>861EB68C17E163CA00288D5C</string>
				<string>861EB68D17E163CA00288D5C</string>
				<string>861EB68E17E163CA00288D5C</string>
				<string>861EB68F17E163CA00288D5C</string>
				<string>861EB69017E163CA00288D5C</string>
				<string>861EB69117E163CA00288D5C</string>
				<string>861EB69217E163CA00288D5C</string>
				<string>861EB69317E163CA00288D5C</string>
				<string>861EB69417E163CA00288D5C</string>
				<string>861EB69517E163CA00288D5C</string>
				<string>861EB69617E163CA00288D5C</string>
				<string>861EB69717E163CA00288D5C</string>
				<string>861EB69817E163CA00288D5C</string>
				<string>861EB69917E163CA00288D5C</string>
				<string>861EB69A17E163CA00288D5C</string>
			</array>
			<key>isa</key>
			<string>PBXGroup</string>
			<key>path</key>
			<string>Weather Icons</string>
			<key>sourceTree</key>
			<string>&lt;group&gt;</string>
		</dict>
		<key>861EB68317E163CA00288D5C</key>
		<dict>
			<key>isa</key>
			<string>PBXFileReference</string>
			<key>lastKnownFileType</key>
			<string>image.png</string>
			<key>path</key>
			<string>weather-broken.png</string>
			<key>sourceTree</key>
			<string>&lt;group&gt;</string>
		</dict>
		<key>861EB68417E163CA00288D5C</key>
		<dict>
			<key>isa</key>
			<string>PBXFileReference</string>
			<key>lastKnownFileType</key>
			<string>image.png</string>
			<key>path</key>
			<string>weather-broken@2x.png</string>
			<key>sourceTree</key>
			<string>&lt;group&gt;</string>
		</dict>
		<key>861EB68517E163CA00288D5C</key>
		<dict>
			<key>isa</key>
			<string>PBXFileReference</string>
			<key>lastKnownFileType</key>
			<string>image.png</string>
			<key>path</key>
			<string>weather-clear.png</string>
			<key>sourceTree</key>
			<string>&lt;group&gt;</string>
		</dict>
		<key>861EB68617E163CA00288D5C</key>
		<dict>
			<key>isa</key>
			<string>PBXFileReference</string>
			<key>lastKnownFileType</key>
			<string>image.png</string>
			<key>path</key>
			<string>weather-clear@2x.png</string>
			<key>sourceTree</key>
			<string>&lt;group&gt;</string>
		</dict>
		<key>861EB68717E163CA00288D5C</key>
		<dict>
			<key>isa</key>
			<string>PBXFileReference</string>
			<key>lastKnownFileType</key>
			<string>image.png</string>
			<key>path</key>
			<string>weather-few-night.png</string>
			<key>sourceTree</key>
			<string>&lt;group&gt;</string>
		</dict>
		<key>861EB68817E163CA00288D5C</key>
		<dict>
			<key>isa</key>
			<string>PBXFileReference</string>
			<key>lastKnownFileType</key>
			<string>image.png</string>
			<key>path</key>
			<string>weather-few-night@2x.png</string>
			<key>sourceTree</key>
			<string>&lt;group&gt;</string>
		</dict>
		<key>861EB68917E163CA00288D5C</key>
		<dict>
			<key>isa</key>
			<string>PBXFileReference</string>
			<key>lastKnownFileType</key>
			<string>image.png</string>
			<key>path</key>
			<string>weather-few.png</string>
			<key>sourceTree</key>
			<string>&lt;group&gt;</string>
		</dict>
		<key>861EB68A17E163CA00288D5C</key>
		<dict>
			<key>isa</key>
			<string>PBXFileReference</string>
			<key>lastKnownFileType</key>
			<string>image.png</string>
			<key>path</key>
			<string>weather-few@2x.png</string>
			<key>sourceTree</key>
			<string>&lt;group&gt;</string>
		</dict>
		<key>861EB68B17E163CA00288D5C</key>
		<dict>
			<key>isa</key>
			<string>PBXFileReference</string>
			<key>lastKnownFileType</key>
			<string>image.png</string>
			<key>path</key>
			<string>weather-mist.png</string>
			<key>sourceTree</key>
			<string>&lt;group&gt;</string>
		</dict>
		<key>861EB68C17E163CA00288D5C</key>
		<dict>
			<key>isa</key>
			<string>PBXFileReference</string>
			<key>lastKnownFileType</key>
			<string>image.png</string>
			<key>path</key>
			<string>weather-mist@2x.png</string>
			<key>sourceTree</key>
			<string>&lt;group&gt;</string>
		</dict>
		<key>861EB68D17E163CA00288D5C</key>
		<dict>
			<key>isa</key>
			<string>PBXFileReference</string>
			<key>lastKnownFileType</key>
			<string>image.png</string>
			<key>path</key>
			<string>weather-moon.png</string>
			<key>sourceTree</key>
			<string>&lt;group&gt;</string>
		</dict>
		<key>861EB68E17E163CA00288D5C</key>
		<dict>
			<key>isa</key>
			<string>PBXFileReference</string>
			<key>lastKnownFileType</key>
			<string>image.png</string>
			<key>path</key>
			<string>weather-moon@2x.png</string>
			<key>sourceTree</key>
			<string>&lt;group&gt;</string>
		</dict>
		<key>861EB68F17E163CA00288D5C</key>
		<dict>
			<key>isa</key>
			<string>PBXFileReference</string>
			<key>lastKnownFileType</key>
			<string>image.png</string>
			<key>path</key>
			<string>weather-rain-night.png</string>
			<key>sourceTree</key>
			<string>&lt;group&gt;</string>
		</dict>
		<key>861EB69017E163CA00288D5C</key>
		<dict>
			<key>isa</key>
			<string>PBXFileReference</string>
			<key>lastKnownFileType</key>
			<string>image.png</string>
			<key>path</key>
			<string>weather-rain-night@2x.png</string>
			<key>sourceTree</key>
			<string>&lt;group&gt;</string>
		</dict>
		<key>861EB69117E163CA00288D5C</key>
		<dict>
			<key>isa</key>
			<string>PBXFileReference</string>
			<key>lastKnownFileType</key>
			<string>image.png</string>
			<key>path</key>
			<string>weather-rain.png</string>
			<key>sourceTree</key>
			<string>&lt;group&gt;</string>
		</dict>
		<key>861EB69217E163CA00288D5C</key>
		<dict>
			<key>isa</key>
			<string>PBXFileReference</string>
			<key>lastKnownFileType</key>
			<string>image.png</string>
			<key>path</key>
			<string>weather-rain@2x.png</string>
			<key>sourceTree</key>
			<string>&lt;group&gt;</string>
		</dict>
		<key>861EB69317E163CA00288D5C</key>
		<dict>
			<key>isa</key>
			<string>PBXFileReference</string>
			<key>lastKnownFileType</key>
			<string>image.png</string>
			<key>path</key>
			<string>weather-scattered.png</string>
			<key>sourceTree</key>
			<string>&lt;group&gt;</string>
		</dict>
		<key>861EB69417E163CA00288D5C</key>
		<dict>
			<key>isa</key>
			<string>PBXFileReference</string>
			<key>lastKnownFileType</key>
			<string>image.png</string>
			<key>path</key>
			<string>weather-scattered@2x.png</string>
			<key>sourceTree</key>
			<string>&lt;group&gt;</string>
		</dict>
		<key>861EB69517E163CA00288D5C</key>
		<dict>
			<key>isa</key>
			<string>PBXFileReference</string>
			<key>lastKnownFileType</key>
			<string>image.png</string>
			<key>path</key>
			<string>weather-shower.png</string>
			<key>sourceTree</key>
			<string>&lt;group&gt;</string>
		</dict>
		<key>861EB69617E163CA00288D5C</key>
		<dict>
			<key>isa</key>
			<string>PBXFileReference</string>
			<key>lastKnownFileType</key>
			<string>image.png</string>
			<key>path</key>
			<string>weather-shower@2x.png</string>
			<key>sourceTree</key>
			<string>&lt;group&gt;</string>
		</dict>
		<key>861EB69717E163CA00288D5C</key>
		<dict>
			<key>isa</key>
			<string>PBXFileReference</string>
			<key>lastKnownFileType</key>
			<string>image.png</string>
			<key>path</key>
			<string>weather-snow.png</string>
			<key>sourceTree</key>
			<string>&lt;group&gt;</string>
		</dict>
		<key>861EB69817E163CA00288D5C</key>
		<dict>
			<key>isa</key>
			<string>PBXFileReference</string>
			<key>lastKnownFileType</key>
			<string>image.png</string>
			<key>path</key>
			<string>weather-snow@2x.png</string>
			<key>sourceTree</key>
			<string>&lt;group&gt;</string>
		</dict>
		<key>861EB69917E163CA00288D5C</key>
		<dict>
			<key>isa</key>
			<string>PBXFileReference</string>
			<key>lastKnownFileType</key>
			<string>image.png</string>
			<key>path</key>
			<string>weather-tstorm.png</string>
			<key>sourceTree</key>
			<string>&lt;group&gt;</string>
		</dict>
		<key>861EB69A17E163CA00288D5C</key>
		<dict>
			<key>isa</key>
			<string>PBXFileReference</string>
			<key>lastKnownFileType</key>
			<string>image.png</string>
			<key>path</key>
			<string>weather-tstorm@2x.png</string>
			<key>sourceTree</key>
			<string>&lt;group&gt;</string>
		</dict>
		<key>861EB69B17E163CA00288D5C</key>
		<dict>
			<key>fileRef</key>
			<string>861EB68317E163CA00288D5C</string>
			<key>isa</key>
			<string>PBXBuildFile</string>
		</dict>
		<key>861EB69C17E163CA00288D5C</key>
		<dict>
			<key>fileRef</key>
			<string>861EB68417E163CA00288D5C</string>
			<key>isa</key>
			<string>PBXBuildFile</string>
		</dict>
		<key>861EB69D17E163CA00288D5C</key>
		<dict>
			<key>fileRef</key>
			<string>861EB68517E163CA00288D5C</string>
			<key>isa</key>
			<string>PBXBuildFile</string>
		</dict>
		<key>861EB69E17E163CA00288D5C</key>
		<dict>
			<key>fileRef</key>
			<string>861EB68617E163CA00288D5C</string>
			<key>isa</key>
			<string>PBXBuildFile</string>
		</dict>
		<key>861EB69F17E163CA00288D5C</key>
		<dict>
			<key>fileRef</key>
			<string>861EB68717E163CA00288D5C</string>
			<key>isa</key>
			<string>PBXBuildFile</string>
		</dict>
		<key>861EB6A017E163CA00288D5C</key>
		<dict>
			<key>fileRef</key>
			<string>861EB68817E163CA00288D5C</string>
			<key>isa</key>
			<string>PBXBuildFile</string>
		</dict>
		<key>861EB6A117E163CA00288D5C</key>
		<dict>
			<key>fileRef</key>
			<string>861EB68917E163CA00288D5C</string>
			<key>isa</key>
			<string>PBXBuildFile</string>
		</dict>
		<key>861EB6A217E163CA00288D5C</key>
		<dict>
			<key>fileRef</key>
			<string>861EB68A17E163CA00288D5C</string>
			<key>isa</key>
			<string>PBXBuildFile</string>
		</dict>
		<key>861EB6A317E163CA00288D5C</key>
		<dict>
			<key>fileRef</key>
			<string>861EB68B17E163CA00288D5C</string>
			<key>isa</key>
			<string>PBXBuildFile</string>
		</dict>
		<key>861EB6A417E163CA00288D5C</key>
		<dict>
			<key>fileRef</key>
			<string>861EB68C17E163CA00288D5C</string>
			<key>isa</key>
			<string>PBXBuildFile</string>
		</dict>
		<key>861EB6A517E163CA00288D5C</key>
		<dict>
			<key>fileRef</key>
			<string>861EB68D17E163CA00288D5C</string>
			<key>isa</key>
			<string>PBXBuildFile</string>
		</dict>
		<key>861EB6A617E163CA00288D5C</key>
		<dict>
			<key>fileRef</key>
			<string>861EB68E17E163CA00288D5C</string>
			<key>isa</key>
			<string>PBXBuildFile</string>
		</dict>
		<key>861EB6A717E163CA00288D5C</key>
		<dict>
			<key>fileRef</key>
			<string>861EB68F17E163CA00288D5C</string>
			<key>isa</key>
			<string>PBXBuildFile</string>
		</dict>
		<key>861EB6A817E163CA00288D5C</key>
		<dict>
			<key>fileRef</key>
			<string>861EB69017E163CA00288D5C</string>
			<key>isa</key>
			<string>PBXBuildFile</string>
		</dict>
		<key>861EB6A917E163CA00288D5C</key>
		<dict>
			<key>fileRef</key>
			<string>861EB69117E163CA00288D5C</string>
			<key>isa</key>
			<string>PBXBuildFile</string>
		</dict>
		<key>861EB6AA17E163CA00288D5C</key>
		<dict>
			<key>fileRef</key>
			<string>861EB69217E163CA00288D5C</string>
			<key>isa</key>
			<string>PBXBuildFile</string>
		</dict>
		<key>861EB6AB17E163CA00288D5C</key>
		<dict>
			<key>fileRef</key>
			<string>861EB69317E163CA00288D5C</string>
			<key>isa</key>
			<string>PBXBuildFile</string>
		</dict>
		<key>861EB6AC17E163CA00288D5C</key>
		<dict>
			<key>fileRef</key>
			<string>861EB69417E163CA00288D5C</string>
			<key>isa</key>
			<string>PBXBuildFile</string>
		</dict>
		<key>861EB6AD17E163CA00288D5C</key>
		<dict>
			<key>fileRef</key>
			<string>861EB69517E163CA00288D5C</string>
			<key>isa</key>
			<string>PBXBuildFile</string>
		</dict>
		<key>861EB6AE17E163CA00288D5C</key>
		<dict>
			<key>fileRef</key>
			<string>861EB69617E163CA00288D5C</string>
			<key>isa</key>
			<string>PBXBuildFile</string>
		</dict>
		<key>861EB6AF17E163CA00288D5C</key>
		<dict>
			<key>fileRef</key>
			<string>861EB69717E163CA00288D5C</string>
			<key>isa</key>
			<string>PBXBuildFile</string>
		</dict>
		<key>861EB6B017E163CA00288D5C</key>
		<dict>
			<key>fileRef</key>
			<string>861EB69817E163CA00288D5C</string>
			<key>isa</key>
			<string>PBXBuildFile</string>
		</dict>
		<key>861EB6B117E163CA00288D5C</key>
		<dict>
			<key>fileRef</key>
			<string>861EB69917E163CA00288D5C</string>
			<key>isa</key>
			<string>PBXBuildFile</string>
		</dict>
		<key>861EB6B217E163CA00288D5C</key>
		<dict>
			<key>fileRef</key>
			<string>861EB69A17E163CA00288D5C</string>
			<key>isa</key>
			<string>PBXBuildFile</string>
		</dict>
		<key>863567C717DE3D13002D67B4</key>
		<dict>
			<key>isa</key>
			<string>PBXFileReference</string>
			<key>lastKnownFileType</key>
			<string>archive.ar</string>
			<key>name</key>
			<string>libReactiveCocoa-iOS.a</string>
			<key>path</key>
			<string>ReactiveCocoa/ReactiveCocoaFramework/build/Debug-iphoneos/libReactiveCocoa-iOS.a</string>
			<key>sourceTree</key>
			<string>&lt;group&gt;</string>
		</dict>
		<key>8641E99C17DE174600C891E4</key>
		<dict>
			<key>fileEncoding</key>
			<string>4</string>
			<key>isa</key>
			<string>PBXFileReference</string>
			<key>lastKnownFileType</key>
			<string>sourcecode.c.h</string>
			<key>path</key>
			<string>WXManager.h</string>
			<key>sourceTree</key>
			<string>&lt;group&gt;</string>
		</dict>
		<key>8641E99D17DE174600C891E4</key>
		<dict>
			<key>fileEncoding</key>
			<string>4</string>
			<key>isa</key>
			<string>PBXFileReference</string>
			<key>lastKnownFileType</key>
			<string>sourcecode.c.objc</string>
			<key>path</key>
			<string>WXManager.m</string>
			<key>sourceTree</key>
			<string>&lt;group&gt;</string>
		</dict>
		<key>8641E99E17DE174600C891E4</key>
		<dict>
			<key>fileRef</key>
			<string>8641E99D17DE174600C891E4</string>
			<key>isa</key>
			<string>PBXBuildFile</string>
		</dict>
		<key>8641E9AB17DE214400C891E4</key>
		<dict>
			<key>fileEncoding</key>
			<string>4</string>
			<key>isa</key>
			<string>PBXFileReference</string>
			<key>lastKnownFileType</key>
			<string>sourcecode.c.h</string>
			<key>path</key>
			<string>WXCondition.h</string>
			<key>sourceTree</key>
			<string>&lt;group&gt;</string>
		</dict>
		<key>8641E9AC17DE214400C891E4</key>
		<dict>
			<key>fileEncoding</key>
			<string>4</string>
			<key>isa</key>
			<string>PBXFileReference</string>
			<key>lastKnownFileType</key>
			<string>sourcecode.c.objc</string>
			<key>path</key>
			<string>WXCondition.m</string>
			<key>sourceTree</key>
			<string>&lt;group&gt;</string>
		</dict>
		<key>8641E9AD17DE214400C891E4</key>
		<dict>
			<key>fileRef</key>
			<string>8641E9AC17DE214400C891E4</string>
			<key>isa</key>
			<string>PBXBuildFile</string>
		</dict>
		<key>86621B4E17E144C800664992</key>
		<dict>
			<key>fileEncoding</key>
			<string>4</string>
			<key>isa</key>
			<string>PBXFileReference</string>
			<key>lastKnownFileType</key>
			<string>sourcecode.c.h</string>
			<key>path</key>
			<string>WXClient.h</string>
			<key>sourceTree</key>
			<string>&lt;group&gt;</string>
		</dict>
		<key>86621B4F17E144C800664992</key>
		<dict>
			<key>fileEncoding</key>
			<string>4</string>
			<key>isa</key>
			<string>PBXFileReference</string>
			<key>lastKnownFileType</key>
			<string>sourcecode.c.objc</string>
			<key>path</key>
			<string>WXClient.m</string>
			<key>sourceTree</key>
			<string>&lt;group&gt;</string>
		</dict>
		<key>86621B5017E144C800664992</key>
		<dict>
			<key>fileRef</key>
			<string>86621B4F17E144C800664992</string>
			<key>isa</key>
			<string>PBXBuildFile</string>
		</dict>
		<key>86621B5117E1473200664992</key>
		<dict>
			<key>isa</key>
			<string>PBXFileReference</string>
			<key>lastKnownFileType</key>
			<string>wrapper.framework</string>
			<key>name</key>
			<string>ReactiveCocoa.framework</string>
			<key>path</key>
			<string>ReactiveCocoa/ReactiveCocoaFramework/build/Debug/ReactiveCocoa.framework</string>
			<key>sourceTree</key>
			<string>&lt;group&gt;</string>
		</dict>
		<key>86621B5317E1475000664992</key>
		<dict>
			<key>isa</key>
			<string>PBXFileReference</string>
			<key>lastKnownFileType</key>
			<string>archive.ar</string>
			<key>name</key>
			<string>libReactiveCocoa-iOS.a</string>
			<key>path</key>
			<string>ReactiveCocoa/ReactiveCocoaFramework/build/Debug-iphoneos/libReactiveCocoa-iOS.a</string>
			<key>sourceTree</key>
			<string>&lt;group&gt;</string>
		</dict>
		<key>866E3DAC17E2B53B00FDC57B</key>
		<dict>
			<key>isa</key>
			<string>PBXFileReference</string>
			<key>lastKnownFileType</key>
			<string>image.png</string>
			<key>name</key>
			<string>bg.png</string>
			<key>path</key>
			<string>../bg.png</string>
			<key>sourceTree</key>
			<string>&lt;group&gt;</string>
		</dict>
		<key>866E3DAD17E2B53B00FDC57B</key>
		<dict>
			<key>isa</key>
			<string>PBXFileReference</string>
			<key>lastKnownFileType</key>
			<string>image.png</string>
			<key>name</key>
			<string>bg@2x.png</string>
			<key>path</key>
			<string>../bg@2x.png</string>
			<key>sourceTree</key>
			<string>&lt;group&gt;</string>
		</dict>
		<key>866E3DAE17E2B53B00FDC57B</key>
		<dict>
			<key>fileRef</key>
			<string>866E3DAC17E2B53B00FDC57B</string>
			<key>isa</key>
			<string>PBXBuildFile</string>
		</dict>
		<key>866E3DAF17E2B53B00FDC57B</key>
		<dict>
			<key>fileRef</key>
			<string>866E3DAD17E2B53B00FDC57B</string>
			<key>isa</key>
			<string>PBXBuildFile</string>
		</dict>
		<key>866E3DB317E2B86900FDC57B</key>
		<dict>
			<key>fileEncoding</key>
			<string>4</string>
			<key>isa</key>
			<string>PBXFileReference</string>
			<key>lastKnownFileType</key>
			<string>sourcecode.c.h</string>
			<key>path</key>
			<string>UIImage+ImageEffects.h</string>
			<key>sourceTree</key>
			<string>&lt;group&gt;</string>
		</dict>
		<key>866E3DB417E2B86900FDC57B</key>
		<dict>
			<key>fileEncoding</key>
			<string>4</string>
			<key>isa</key>
			<string>PBXFileReference</string>
			<key>lastKnownFileType</key>
			<string>sourcecode.c.objc</string>
			<key>path</key>
			<string>UIImage+ImageEffects.m</string>
			<key>sourceTree</key>
			<string>&lt;group&gt;</string>
		</dict>
		<key>866E3DB517E2B86900FDC57B</key>
		<dict>
			<key>fileRef</key>
			<string>866E3DB417E2B86900FDC57B</string>
			<key>isa</key>
			<string>PBXBuildFile</string>
		</dict>
		<key>8675653A17E224680091B4DB</key>
		<dict>
			<key>fileEncoding</key>
			<string>4</string>
			<key>isa</key>
			<string>PBXFileReference</string>
			<key>lastKnownFileType</key>
			<string>sourcecode.c.h</string>
			<key>name</key>
			<string>WXDailyForecast.h</string>
			<key>path</key>
			<string>../WXDailyForecast.h</string>
			<key>sourceTree</key>
			<string>&lt;group&gt;</string>
		</dict>
		<key>8675653B17E224680091B4DB</key>
		<dict>
			<key>fileEncoding</key>
			<string>4</string>
			<key>isa</key>
			<string>PBXFileReference</string>
			<key>lastKnownFileType</key>
			<string>sourcecode.c.objc</string>
			<key>name</key>
			<string>WXDailyForecast.m</string>
			<key>path</key>
			<string>../WXDailyForecast.m</string>
			<key>sourceTree</key>
			<string>&lt;group&gt;</string>
		</dict>
		<key>8675653C17E224680091B4DB</key>
		<dict>
			<key>fileRef</key>
			<string>8675653B17E224680091B4DB</string>
			<key>isa</key>
			<string>PBXBuildFile</string>
		</dict>
		<key>869F2E4C17E7F4E900BEB556</key>
		<dict>
			<key>isa</key>
			<string>PBXFileReference</string>
			<key>lastKnownFileType</key>
			<string>archive.ar</string>
			<key>name</key>
			<string>libReactiveCocoa-iOS.a</string>
			<key>path</key>
			<string>ReactiveCocoa/ReactiveCocoaFramework/build/Debug/libReactiveCocoa-iOS.a</string>
			<key>sourceTree</key>
			<string>&lt;group&gt;</string>
		</dict>
		<key>86E45C3E17D4E8C70090C100</key>
		<dict>
			<key>children</key>
			<array>
				<string>866E3DB317E2B86900FDC57B</string>
				<string>866E3DB417E2B86900FDC57B</string>
				<string>861EB68217E163CA00288D5C</string>
				<string>86E45C5017D4E8C70090C100</string>
				<string>86E45C4917D4E8C70090C100</string>
				<string>86E45C4817D4E8C70090C100</string>
				<string>7635E8BA014E9449D33C5DFB</string>
			</array>
			<key>isa</key>
			<string>PBXGroup</string>
			<key>sourceTree</key>
			<string>&lt;group&gt;</string>
		</dict>
		<key>86E45C3F17D4E8C70090C100</key>
		<dict>
			<key>attributes</key>
			<dict>
				<key>LastUpgradeCheck</key>
				<string>0500</string>
				<key>ORGANIZATIONNAME</key>
				<string>Ryan Nystrom</string>
			</dict>
			<key>buildConfigurationList</key>
			<string>86E45C4217D4E8C70090C100</string>
			<key>compatibilityVersion</key>
			<string>Xcode 3.2</string>
			<key>developmentRegion</key>
			<string>English</string>
			<key>hasScannedForEncodings</key>
			<string>0</string>
			<key>isa</key>
			<string>PBXProject</string>
			<key>knownRegions</key>
			<array>
				<string>en</string>
				<string>Base</string>
			</array>
			<key>mainGroup</key>
			<string>86E45C3E17D4E8C70090C100</string>
			<key>productRefGroup</key>
			<string>86E45C4817D4E8C70090C100</string>
			<key>projectDirPath</key>
			<string></string>
			<key>projectReferences</key>
			<array/>
			<key>projectRoot</key>
			<string></string>
			<key>targets</key>
			<array>
				<string>86E45C4617D4E8C70090C100</string>
			</array>
		</dict>
		<key>86E45C4217D4E8C70090C100</key>
		<dict>
			<key>buildConfigurations</key>
			<array>
				<string>86E45C7717D4E8C70090C100</string>
				<string>86E45C7817D4E8C70090C100</string>
			</array>
			<key>defaultConfigurationIsVisible</key>
			<string>0</string>
			<key>defaultConfigurationName</key>
			<string>Release</string>
			<key>isa</key>
			<string>XCConfigurationList</string>
		</dict>
		<key>86E45C4317D4E8C70090C100</key>
		<dict>
			<key>buildActionMask</key>
			<string>2147483647</string>
			<key>files</key>
			<array>
				<string>866E3DB517E2B86900FDC57B</string>
				<string>86E45C6117D4E8C70090C100</string>
				<string>8675653C17E224680091B4DB</string>
				<string>86621B5017E144C800664992</string>
				<string>8641E9AD17DE214400C891E4</string>
				<string>86E45C5B17D4E8C70090C100</string>
				<string>8641E99E17DE174600C891E4</string>
				<string>86E45C5717D4E8C70090C100</string>
			</array>
			<key>isa</key>
			<string>PBXSourcesBuildPhase</string>
			<key>runOnlyForDeploymentPostprocessing</key>
			<string>0</string>
		</dict>
		<key>86E45C4417D4E8C70090C100</key>
		<dict>
			<key>buildActionMask</key>
			<string>2147483647</string>
			<key>files</key>
			<array>
				<string>86E96D6417D6BC0F00E2EEFA</string>
				<string>86E45C4D17D4E8C70090C100</string>
				<string>86E45C4F17D4E8C70090C100</string>
				<string>86E45C4B17D4E8C70090C100</string>
				<string>A9EE2BAD42354A67BDF49815</string>
			</array>
			<key>isa</key>
			<string>PBXFrameworksBuildPhase</string>
			<key>runOnlyForDeploymentPostprocessing</key>
			<string>0</string>
		</dict>
		<key>86E45C4517D4E8C70090C100</key>
		<dict>
			<key>buildActionMask</key>
			<string>2147483647</string>
			<key>files</key>
			<array>
				<string>861EB69C17E163CA00288D5C</string>
				<string>861EB6A117E163CA00288D5C</string>
				<string>861EB6B217E163CA00288D5C</string>
				<string>866E3DAF17E2B53B00FDC57B</string>
				<string>861EB6B117E163CA00288D5C</string>
				<string>861EB6A717E163CA00288D5C</string>
				<string>861EB6A317E163CA00288D5C</string>
				<string>861EB6AD17E163CA00288D5C</string>
				<string>861EB6A817E163CA00288D5C</string>
				<string>861EB6A917E163CA00288D5C</string>
				<string>861EB69E17E163CA00288D5C</string>
				<string>861EB69D17E163CA00288D5C</string>
				<string>861EB6A017E163CA00288D5C</string>
				<string>861EB69B17E163CA00288D5C</string>
				<string>861EB6A517E163CA00288D5C</string>
				<string>861EB6B017E163CA00288D5C</string>
				<string>86E45C6317D4E8C70090C100</string>
				<string>861EB6AF17E163CA00288D5C</string>
				<string>861EB6AE17E163CA00288D5C</string>
				<string>86E45C5517D4E8C70090C100</string>
				<string>861EB6AC17E163CA00288D5C</string>
				<string>866E3DAE17E2B53B00FDC57B</string>
				<string>861EB6AB17E163CA00288D5C</string>
				<string>861EB6A217E163CA00288D5C</string>
				<string>861EB6A417E163CA00288D5C</string>
				<string>861EB6AA17E163CA00288D5C</string>
				<string>861EB6A617E163CA00288D5C</string>
				<string>861EB69F17E163CA00288D5C</string>
			</array>
			<key>isa</key>
			<string>PBXResourcesBuildPhase</string>
			<key>runOnlyForDeploymentPostprocessing</key>
			<string>0</string>
		</dict>
		<key>86E45C4617D4E8C70090C100</key>
		<dict>
			<key>buildConfigurationList</key>
			<string>86E45C7917D4E8C70090C100</string>
			<key>buildPhases</key>
			<array>
				<string>092ABB91BC2042E698901658</string>
				<string>86E45C4317D4E8C70090C100</string>
				<string>86E45C4417D4E8C70090C100</string>
				<string>86E45C4517D4E8C70090C100</string>
				<string>9D8AB668CE484AC5BD99529F</string>
			</array>
			<key>buildRules</key>
			<array/>
			<key>dependencies</key>
			<array/>
			<key>isa</key>
			<string>PBXNativeTarget</string>
			<key>name</key>
			<string>WeatherExample</string>
			<key>productName</key>
			<string>WeatherExample</string>
			<key>productReference</key>
			<string>86E45C4717D4E8C70090C100</string>
			<key>productType</key>
			<string>com.apple.product-type.application</string>
		</dict>
		<key>86E45C4717D4E8C70090C100</key>
		<dict>
			<key>explicitFileType</key>
			<string>wrapper.application</string>
			<key>includeInIndex</key>
			<string>0</string>
			<key>isa</key>
			<string>PBXFileReference</string>
			<key>path</key>
			<string>WeatherExample.app</string>
			<key>sourceTree</key>
			<string>BUILT_PRODUCTS_DIR</string>
		</dict>
		<key>86E45C4817D4E8C70090C100</key>
		<dict>
			<key>children</key>
			<array>
				<string>86E45C4717D4E8C70090C100</string>
			</array>
			<key>isa</key>
			<string>PBXGroup</string>
			<key>name</key>
			<string>Products</string>
			<key>sourceTree</key>
			<string>&lt;group&gt;</string>
		</dict>
		<key>86E45C4917D4E8C70090C100</key>
		<dict>
			<key>children</key>
			<array>
				<string>869F2E4C17E7F4E900BEB556</string>
				<string>86621B5317E1475000664992</string>
				<string>86621B5117E1473200664992</string>
				<string>863567C717DE3D13002D67B4</string>
				<string>86E96D6317D6BC0F00E2EEFA</string>
				<string>86E45C4A17D4E8C70090C100</string>
				<string>86E45C4C17D4E8C70090C100</string>
				<string>86E45C4E17D4E8C70090C100</string>
				<string>86E45C6917D4E8C70090C100</string>
				<string>4CA93468CFD34B76AE3D40EC</string>
			</array>
			<key>isa</key>
			<string>PBXGroup</string>
			<key>name</key>
			<string>Frameworks</string>
			<key>sourceTree</key>
			<string>&lt;group&gt;</string>
		</dict>
		<key>86E45C4A17D4E8C70090C100</key>
		<dict>
			<key>isa</key>
			<string>PBXFileReference</string>
			<key>lastKnownFileType</key>
			<string>wrapper.framework</string>
			<key>name</key>
			<string>Foundation.framework</string>
			<key>path</key>
			<string>System/Library/Frameworks/Foundation.framework</string>
			<key>sourceTree</key>
			<string>SDKROOT</string>
		</dict>
		<key>86E45C4B17D4E8C70090C100</key>
		<dict>
			<key>fileRef</key>
			<string>86E45C4A17D4E8C70090C100</string>
			<key>isa</key>
			<string>PBXBuildFile</string>
		</dict>
		<key>86E45C4C17D4E8C70090C100</key>
		<dict>
			<key>isa</key>
			<string>PBXFileReference</string>
			<key>lastKnownFileType</key>
			<string>wrapper.framework</string>
			<key>name</key>
			<string>CoreGraphics.framework</string>
			<key>path</key>
			<string>System/Library/Frameworks/CoreGraphics.framework</string>
			<key>sourceTree</key>
			<string>SDKROOT</string>
		</dict>
		<key>86E45C4D17D4E8C70090C100</key>
		<dict>
			<key>fileRef</key>
			<string>86E45C4C17D4E8C70090C100</string>
			<key>isa</key>
			<string>PBXBuildFile</string>
		</dict>
		<key>86E45C4E17D4E8C70090C100</key>
		<dict>
			<key>isa</key>
			<string>PBXFileReference</string>
			<key>lastKnownFileType</key>
			<string>wrapper.framework</string>
			<key>name</key>
			<string>UIKit.framework</string>
			<key>path</key>
			<string>System/Library/Frameworks/UIKit.framework</string>
			<key>sourceTree</key>
			<string>SDKROOT</string>
		</dict>
		<key>86E45C4F17D4E8C70090C100</key>
		<dict>
			<key>fileRef</key>
			<string>86E45C4E17D4E8C70090C100</string>
			<key>isa</key>
			<string>PBXBuildFile</string>
		</dict>
		<key>86E45C5017D4E8C70090C100</key>
		<dict>
			<key>children</key>
			<array>
				<string>866E3DAC17E2B53B00FDC57B</string>
				<string>866E3DAD17E2B53B00FDC57B</string>
				<string>86E45C5917D4E8C70090C100</string>
				<string>86E45C5A17D4E8C70090C100</string>
				<string>86E45C6217D4E8C70090C100</string>
				<string>86E45C5117D4E8C70090C100</string>
				<string>86621B4E17E144C800664992</string>
				<string>86621B4F17E144C800664992</string>
				<string>8641E9AB17DE214400C891E4</string>
				<string>8641E9AC17DE214400C891E4</string>
				<string>86E45C5F17D4E8C70090C100</string>
				<string>86E45C6017D4E8C70090C100</string>
				<string>8675653A17E224680091B4DB</string>
				<string>8675653B17E224680091B4DB</string>
				<string>8641E99C17DE174600C891E4</string>
				<string>8641E99D17DE174600C891E4</string>
			</array>
			<key>isa</key>
			<string>PBXGroup</string>
			<key>path</key>
			<string>WeatherExample</string>
			<key>sourceTree</key>
			<string>&lt;group&gt;</string>
		</dict>
		<key>86E45C5117D4E8C70090C100</key>
		<dict>
			<key>children</key>
			<array>
				<string>86E45C5217D4E8C70090C100</string>
				<string>86E45C5317D4E8C70090C100</string>
				<string>86E45C5617D4E8C70090C100</string>
				<string>86E45C5817D4E8C70090C100</string>
			</array>
			<key>isa</key>
			<string>PBXGroup</string>
			<key>name</key>
			<string>Supporting Files</string>
			<key>sourceTree</key>
			<string>&lt;group&gt;</string>
		</dict>
		<key>86E45C5217D4E8C70090C100</key>
		<dict>
			<key>isa</key>
			<string>PBXFileReference</string>
			<key>lastKnownFileType</key>
			<string>text.plist.xml</string>
			<key>path</key>
			<string>WeatherExample-Info.plist</string>
			<key>sourceTree</key>
			<string>&lt;group&gt;</string>
		</dict>
		<key>86E45C5317D4E8C70090C100</key>
		<dict>
			<key>children</key>
			<array>
				<string>86E45C5417D4E8C70090C100</string>
			</array>
			<key>isa</key>
			<string>PBXVariantGroup</string>
			<key>name</key>
			<string>InfoPlist.strings</string>
			<key>sourceTree</key>
			<string>&lt;group&gt;</string>
		</dict>
		<key>86E45C5417D4E8C70090C100</key>
		<dict>
			<key>isa</key>
			<string>PBXFileReference</string>
			<key>lastKnownFileType</key>
			<string>text.plist.strings</string>
			<key>name</key>
			<string>en</string>
			<key>path</key>
			<string>en.lproj/InfoPlist.strings</string>
			<key>sourceTree</key>
			<string>&lt;group&gt;</string>
		</dict>
		<key>86E45C5517D4E8C70090C100</key>
		<dict>
			<key>fileRef</key>
			<string>86E45C5317D4E8C70090C100</string>
			<key>isa</key>
			<string>PBXBuildFile</string>
		</dict>
		<key>86E45C5617D4E8C70090C100</key>
		<dict>
			<key>isa</key>
			<string>PBXFileReference</string>
			<key>lastKnownFileType</key>
			<string>sourcecode.c.objc</string>
			<key>path</key>
			<string>main.m</string>
			<key>sourceTree</key>
			<string>&lt;group&gt;</string>
		</dict>
		<key>86E45C5717D4E8C70090C100</key>
		<dict>
			<key>fileRef</key>
			<string>86E45C5617D4E8C70090C100</string>
			<key>isa</key>
			<string>PBXBuildFile</string>
		</dict>
		<key>86E45C5817D4E8C70090C100</key>
		<dict>
			<key>isa</key>
			<string>PBXFileReference</string>
			<key>lastKnownFileType</key>
			<string>sourcecode.c.h</string>
			<key>path</key>
			<string>WeatherExample-Prefix.pch</string>
			<key>sourceTree</key>
			<string>&lt;group&gt;</string>
		</dict>
		<key>86E45C5917D4E8C70090C100</key>
		<dict>
			<key>isa</key>
			<string>PBXFileReference</string>
			<key>lastKnownFileType</key>
			<string>sourcecode.c.h</string>
			<key>path</key>
			<string>AppDelegate.h</string>
			<key>sourceTree</key>
			<string>&lt;group&gt;</string>
		</dict>
		<key>86E45C5A17D4E8C70090C100</key>
		<dict>
			<key>isa</key>
			<string>PBXFileReference</string>
			<key>lastKnownFileType</key>
			<string>sourcecode.c.objc</string>
			<key>path</key>
			<string>AppDelegate.m</string>
			<key>sourceTree</key>
			<string>&lt;group&gt;</string>
		</dict>
		<key>86E45C5B17D4E8C70090C100</key>
		<dict>
			<key>fileRef</key>
			<string>86E45C5A17D4E8C70090C100</string>
			<key>isa</key>
			<string>PBXBuildFile</string>
		</dict>
		<key>86E45C5F17D4E8C70090C100</key>
		<dict>
			<key>isa</key>
			<string>PBXFileReference</string>
			<key>lastKnownFileType</key>
			<string>sourcecode.c.h</string>
			<key>path</key>
			<string>WXController.h</string>
			<key>sourceTree</key>
			<string>&lt;group&gt;</string>
		</dict>
		<key>86E45C6017D4E8C70090C100</key>
		<dict>
			<key>isa</key>
			<string>PBXFileReference</string>
			<key>lastKnownFileType</key>
			<string>sourcecode.c.objc</string>
			<key>path</key>
			<string>WXController.m</string>
			<key>sourceTree</key>
			<string>&lt;group&gt;</string>
		</dict>
		<key>86E45C6117D4E8C70090C100</key>
		<dict>
			<key>fileRef</key>
			<string>86E45C6017D4E8C70090C100</string>
			<key>isa</key>
			<string>PBXBuildFile</string>
		</dict>
		<key>86E45C6217D4E8C70090C100</key>
		<dict>
			<key>isa</key>
			<string>PBXFileReference</string>
			<key>lastKnownFileType</key>
			<string>folder.assetcatalog</string>
			<key>path</key>
			<string>Images.xcassets</string>
			<key>sourceTree</key>
			<string>&lt;group&gt;</string>
		</dict>
		<key>86E45C6317D4E8C70090C100</key>
		<dict>
			<key>fileRef</key>
			<string>86E45C6217D4E8C70090C100</string>
			<key>isa</key>
			<string>PBXBuildFile</string>
		</dict>
		<key>86E45C6917D4E8C70090C100</key>
		<dict>
			<key>isa</key>
			<string>PBXFileReference</string>
			<key>lastKnownFileType</key>
			<string>wrapper.framework</string>
			<key>name</key>
			<string>XCTest.framework</string>
			<key>path</key>
			<string>Library/Frameworks/XCTest.framework</string>
			<key>sourceTree</key>
			<string>DEVELOPER_DIR</string>
		</dict>
		<key>86E45C7717D4E8C70090C100</key>
		<dict>
			<key>buildSettings</key>
			<dict>
				<key>ALWAYS_SEARCH_USER_PATHS</key>
				<string>NO</string>
				<key>CLANG_CXX_LANGUAGE_STANDARD</key>
				<string>gnu++0x</string>
				<key>CLANG_CXX_LIBRARY</key>
				<string>libc++</string>
				<key>CLANG_ENABLE_MODULES</key>
				<string>YES</string>
				<key>CLANG_ENABLE_OBJC_ARC</key>
				<string>YES</string>
				<key>CLANG_WARN_BOOL_CONVERSION</key>
				<string>YES</string>
				<key>CLANG_WARN_CONSTANT_CONVERSION</key>
				<string>YES</string>
				<key>CLANG_WARN_DIRECT_OBJC_ISA_USAGE</key>
				<string>YES_ERROR</string>
				<key>CLANG_WARN_EMPTY_BODY</key>
				<string>YES</string>
				<key>CLANG_WARN_ENUM_CONVERSION</key>
				<string>YES</string>
				<key>CLANG_WARN_INT_CONVERSION</key>
				<string>YES</string>
				<key>CLANG_WARN_OBJC_ROOT_CLASS</key>
				<string>YES_ERROR</string>
				<key>CLANG_WARN__DUPLICATE_METHOD_MATCH</key>
				<string>YES</string>
				<key>CODE_SIGN_IDENTITY[sdk=iphoneos*]</key>
				<string>iPhone Developer</string>
				<key>COPY_PHASE_STRIP</key>
				<string>NO</string>
				<key>GCC_C_LANGUAGE_STANDARD</key>
				<string>gnu99</string>
				<key>GCC_DYNAMIC_NO_PIC</key>
				<string>NO</string>
				<key>GCC_OPTIMIZATION_LEVEL</key>
				<string>0</string>
				<key>GCC_PREPROCESSOR_DEFINITIONS</key>
				<array>
					<string>DEBUG=1</string>
					<string>$(inherited)</string>
				</array>
				<key>GCC_SYMBOLS_PRIVATE_EXTERN</key>
				<string>NO</string>
				<key>GCC_WARN_ABOUT_RETURN_TYPE</key>
				<string>YES_ERROR</string>
				<key>GCC_WARN_UNDECLARED_SELECTOR</key>
				<string>YES</string>
				<key>GCC_WARN_UNINITIALIZED_AUTOS</key>
				<string>YES</string>
				<key>GCC_WARN_UNUSED_FUNCTION</key>
				<string>YES</string>
				<key>GCC_WARN_UNUSED_VARIABLE</key>
				<string>YES</string>
				<key>IPHONEOS_DEPLOYMENT_TARGET</key>
				<string>7.0</string>
				<key>ONLY_ACTIVE_ARCH</key>
				<string>YES</string>
				<key>SDKROOT</key>
				<string>iphoneos</string>
			</dict>
			<key>isa</key>
			<string>XCBuildConfiguration</string>
			<key>name</key>
			<string>Debug</string>
		</dict>
		<key>86E45C7817D4E8C70090C100</key>
		<dict>
			<key>buildSettings</key>
			<dict>
				<key>ALWAYS_SEARCH_USER_PATHS</key>
				<string>NO</string>
				<key>CLANG_CXX_LANGUAGE_STANDARD</key>
				<string>gnu++0x</string>
				<key>CLANG_CXX_LIBRARY</key>
				<string>libc++</string>
				<key>CLANG_ENABLE_MODULES</key>
				<string>YES</string>
				<key>CLANG_ENABLE_OBJC_ARC</key>
				<string>YES</string>
				<key>CLANG_WARN_BOOL_CONVERSION</key>
				<string>YES</string>
				<key>CLANG_WARN_CONSTANT_CONVERSION</key>
				<string>YES</string>
				<key>CLANG_WARN_DIRECT_OBJC_ISA_USAGE</key>
				<string>YES_ERROR</string>
				<key>CLANG_WARN_EMPTY_BODY</key>
				<string>YES</string>
				<key>CLANG_WARN_ENUM_CONVERSION</key>
				<string>YES</string>
				<key>CLANG_WARN_INT_CONVERSION</key>
				<string>YES</string>
				<key>CLANG_WARN_OBJC_ROOT_CLASS</key>
				<string>YES_ERROR</string>
				<key>CLANG_WARN__DUPLICATE_METHOD_MATCH</key>
				<string>YES</string>
				<key>CODE_SIGN_IDENTITY[sdk=iphoneos*]</key>
				<string>iPhone Developer</string>
				<key>COPY_PHASE_STRIP</key>
				<string>YES</string>
				<key>ENABLE_NS_ASSERTIONS</key>
				<string>NO</string>
				<key>GCC_C_LANGUAGE_STANDARD</key>
				<string>gnu99</string>
				<key>GCC_WARN_ABOUT_RETURN_TYPE</key>
				<string>YES_ERROR</string>
				<key>GCC_WARN_UNDECLARED_SELECTOR</key>
				<string>YES</string>
				<key>GCC_WARN_UNINITIALIZED_AUTOS</key>
				<string>YES</string>
				<key>GCC_WARN_UNUSED_FUNCTION</key>
				<string>YES</string>
				<key>GCC_WARN_UNUSED_VARIABLE</key>
				<string>YES</string>
				<key>IPHONEOS_DEPLOYMENT_TARGET</key>
				<string>7.0</string>
				<key>SDKROOT</key>
				<string>iphoneos</string>
				<key>VALIDATE_PRODUCT</key>
				<string>YES</string>
			</dict>
			<key>isa</key>
			<string>XCBuildConfiguration</string>
			<key>name</key>
			<string>Release</string>
		</dict>
		<key>86E45C7917D4E8C70090C100</key>
		<dict>
			<key>buildConfigurations</key>
			<array>
				<string>86E45C7A17D4E8C70090C100</string>
				<string>86E45C7B17D4E8C70090C100</string>
			</array>
			<key>defaultConfigurationIsVisible</key>
			<string>0</string>
			<key>defaultConfigurationName</key>
			<string>Release</string>
			<key>isa</key>
			<string>XCConfigurationList</string>
		</dict>
		<key>86E45C7A17D4E8C70090C100</key>
		<dict>
			<key>baseConfigurationReference</key>
			<string>4A55C1DFAAB6EB0F6877C61C</string>
			<key>buildSettings</key>
			<dict>
				<key>ASSETCATALOG_COMPILER_APPICON_NAME</key>
				<string>AppIcon</string>
				<key>ASSETCATALOG_COMPILER_LAUNCHIMAGE_NAME</key>
				<string>LaunchImage</string>
				<key>GCC_PRECOMPILE_PREFIX_HEADER</key>
				<string>YES</string>
				<key>GCC_PREFIX_HEADER</key>
				<string>WeatherExample/WeatherExample-Prefix.pch</string>
				<key>HEADER_SEARCH_PATHS</key>
				<array>
					<string>"${PODS_ROOT}/Headers"</string>
					<string>"${PODS_ROOT}/Headers/LBBlurredImage"</string>
					<string>"${PODS_ROOT}/Headers/Mantle"</string>
				</array>
				<key>INFOPLIST_FILE</key>
				<string>WeatherExample/WeatherExample-Info.plist</string>
				<key>PRODUCT_NAME</key>
				<string>$(TARGET_NAME)</string>
				<key>WRAPPER_EXTENSION</key>
				<string>app</string>
			</dict>
			<key>isa</key>
			<string>XCBuildConfiguration</string>
			<key>name</key>
			<string>Debug</string>
		</dict>
		<key>86E45C7B17D4E8C70090C100</key>
		<dict>
			<key>baseConfigurationReference</key>
			<string>6C285C390D93550E8C56E396</string>
			<key>buildSettings</key>
			<dict>
				<key>ASSETCATALOG_COMPILER_APPICON_NAME</key>
				<string>AppIcon</string>
				<key>ASSETCATALOG_COMPILER_LAUNCHIMAGE_NAME</key>
				<string>LaunchImage</string>
				<key>GCC_PRECOMPILE_PREFIX_HEADER</key>
				<string>YES</string>
				<key>GCC_PREFIX_HEADER</key>
				<string>WeatherExample/WeatherExample-Prefix.pch</string>
				<key>HEADER_SEARCH_PATHS</key>
				<array>
					<string>"${PODS_ROOT}/Headers"</string>
					<string>"${PODS_ROOT}/Headers/LBBlurredImage"</string>
					<string>"${PODS_ROOT}/Headers/Mantle"</string>
				</array>
				<key>INFOPLIST_FILE</key>
				<string>WeatherExample/WeatherExample-Info.plist</string>
				<key>PRODUCT_NAME</key>
				<string>$(TARGET_NAME)</string>
				<key>WRAPPER_EXTENSION</key>
				<string>app</string>
			</dict>
			<key>isa</key>
			<string>XCBuildConfiguration</string>
			<key>name</key>
			<string>Release</string>
		</dict>
		<key>86E96D6317D6BC0F00E2EEFA</key>
		<dict>
			<key>isa</key>
			<string>PBXFileReference</string>
			<key>lastKnownFileType</key>
			<string>wrapper.framework</string>
			<key>name</key>
			<string>CoreLocation.framework</string>
			<key>path</key>
			<string>System/Library/Frameworks/CoreLocation.framework</string>
			<key>sourceTree</key>
			<string>SDKROOT</string>
		</dict>
		<key>86E96D6417D6BC0F00E2EEFA</key>
		<dict>
			<key>fileRef</key>
			<string>86E96D6317D6BC0F00E2EEFA</string>
			<key>isa</key>
			<string>PBXBuildFile</string>
		</dict>
		<key>9D8AB668CE484AC5BD99529F</key>
		<dict>
			<key>buildActionMask</key>
			<string>2147483647</string>
			<key>files</key>
			<array/>
			<key>inputPaths</key>
			<array/>
			<key>isa</key>
			<string>PBXShellScriptBuildPhase</string>
			<key>name</key>
			<string>Copy Pods Resources</string>
			<key>outputPaths</key>
			<array/>
			<key>runOnlyForDeploymentPostprocessing</key>
			<string>0</string>
			<key>shellPath</key>
			<string>/bin/sh</string>
			<key>shellScript</key>
			<string>"${SRCROOT}/Pods/Target Support Files/Pods/Pods-resources.sh"
</string>
			<key>showEnvVarsInLog</key>
			<string>0</string>
		</dict>
		<key>A9EE2BAD42354A67BDF49815</key>
		<dict>
			<key>fileRef</key>
			<string>4CA93468CFD34B76AE3D40EC</string>
			<key>isa</key>
			<string>PBXBuildFile</string>
		</dict>
	</dict>
	<key>rootObject</key>
	<string>86E45C3F17D4E8C70090C100</string>
</dict>
</plist>
